
Microsoft Visual Studio Solution File, Format Version 12.00
# Visual Studio Version 17
VisualStudioVersion = 17.4.33205.214
MinimumVisualStudioVersion = 10.0.40219.1
Project("{FAE04EC0-301F-11D3-BF4B-00C04F79EFBC}") = "BLUEWAY", "BLUEWAY.csproj", "{E1A1E26E-AC87-49DB-909C-434F7D1DEB4A}"
EndProject
Global
	GlobalSection(SolutionConfigurationPlatforms) = preSolution
		Debug|Any CPU = Debug|Any CPU
		Release|Any CPU = Release|Any CPU
	EndGlobalSection
	GlobalSection(ProjectConfigurationPlatforms) = postSolution
		{E1A1E26E-AC87-49DB-909C-434F7D1DEB4A}.Debug|Any CPU.ActiveCfg = Debug|Any CPU
		{E1A1E26E-AC87-49DB-909C-434F7D1DEB4A}.Debug|Any CPU.Build.0 = Debug|Any CPU
		{E1A1E26E-AC87-49DB-909C-434F7D1DEB4A}.Release|Any CPU.ActiveCfg = Release|Any CPU
		{E1A1E26E-AC87-49DB-909C-434F7D1DEB4A}.Release|Any CPU.Build.0 = Release|Any CPU
	EndGlobalSection
	GlobalSection(SolutionProperties) = preSolution
		HideSolutionNode = FALSE
	EndGlobalSection
	GlobalSection(ExtensibilityGlobals) = postSolution
		SolutionGuid = {558120A0-D892-415B-A193-B543F8AF1292}
	EndGlobalSection
EndGlobal
